
Microsoft Visual Studio Solution File, Format Version 12.00
# Visual Studio Version 17
VisualStudioVersion = 17.5.33530.505
MinimumVisualStudioVersion = 10.0.40219.1
Project("{F184B08F-C81C-45F6-A57F-5ABD9991F28F}") = "Calculator Project", "Calculator Project.vbproj", "{B6D912E0-DA5A-4463-A4CA-CFC98FD49FE6}"
EndProject
Global
	GlobalSection(SolutionConfigurationPlatforms) = preSolution
		Debug|Any CPU = Debug|Any CPU
		Release|Any CPU = Release|Any CPU
	EndGlobalSection
	GlobalSection(ProjectConfigurationPlatforms) = postSolution
		{B6D912E0-DA5A-4463-A4CA-CFC98FD49FE6}.Debug|Any CPU.ActiveCfg = Debug|Any CPU
		{B6D912E0-DA5A-4463-A4CA-CFC98FD49FE6}.Debug|Any CPU.Build.0 = Debug|Any CPU
		{B6D912E0-DA5A-4463-A4CA-CFC98FD49FE6}.Release|Any CPU.ActiveCfg = Release|Any CPU
		{B6D912E0-DA5A-4463-A4CA-CFC98FD49FE6}.Release|Any CPU.Build.0 = Release|Any CPU
	EndGlobalSection
	GlobalSection(SolutionProperties) = preSolution
		HideSolutionNode = FALSE
	EndGlobalSection
	GlobalSection(ExtensibilityGlobals) = postSolution
		SolutionGuid = {D4B61487-6D4D-4817-B51A-9E36BDD90248}
	EndGlobalSection
EndGlobal
